version = 1
revision = 3
requires-python = ">=3.12"

[[package]]
name = "bulk-email-builder"
version = "0.1.0"
source = { virtual = "." }
dependencies = [
    { name = "mysql-connector-python" },
]

[package.metadata]
requires-dist = [{ name = "mysql-connector-python", specifier = "==9.4.0" }]

[[package]]
name = "mysql-connector-python"
version = "9.4.0"
source = { registry = "https://pypi.org/simple" }
sdist = { url = "https://files.pythonhosted.org/packages/02/77/2b45e6460d05b1f1b7a4c8eb79a50440b4417971973bb78c9ef6cad630a6/mysql_connector_python-9.4.0.tar.gz", hash = "sha256:d111360332ae78933daf3d48ff497b70739aa292ab0017791a33e826234e743b", size = 12185532, upload-time = "2025-07-22T08:02:05.788Z" }
wheels = [
    { url = "https://files.pythonhosted.org/packages/03/7c/a543fb17c2dfa6be8548dfdc5879a0c7924cd5d1c79056c48472bb8fe858/mysql_connector_python-9.4.0-cp312-cp312-macosx_14_0_arm64.whl", hash = "sha256:4efa3898a24aba6a4bfdbf7c1f5023c78acca3150d72cc91199cca2ccd22f76f", size = 17503693, upload-time = "2025-07-22T07:58:08.96Z" },
    { url = "https://files.pythonhosted.org/packages/cb/6e/c22fbee05f5cfd6ba76155b6d45f6261d8d4c1e36e23de04e7f25fbd01a4/mysql_connector_python-9.4.0-cp312-cp312-macosx_14_0_x86_64.whl", hash = "sha256:665c13e7402235162e5b7a2bfdee5895192121b64ea455c90a81edac6a48ede5", size = 18371987, upload-time = "2025-07-22T07:58:13.273Z" },
    { url = "https://files.pythonhosted.org/packages/b4/fd/f426f5f35a3d3180c7f84d1f96b4631be2574df94ca1156adab8618b236c/mysql_connector_python-9.4.0-cp312-cp312-manylinux_2_28_aarch64.whl", hash = "sha256:815aa6cad0f351c1223ef345781a538f2e5e44ef405fdb3851eb322bd9c4ca2b", size = 33516214, upload-time = "2025-07-22T07:58:18.967Z" },
    { url = "https://files.pythonhosted.org/packages/45/5a/1b053ae80b43cd3ccebc4bb99a98826969b3b0f8adebdcc2530750ad76ed/mysql_connector_python-9.4.0-cp312-cp312-manylinux_2_28_x86_64.whl", hash = "sha256:b3436a2c8c0ec7052932213e8d01882e6eb069dbab33402e685409084b133a1c", size = 33918565, upload-time = "2025-07-22T07:58:25.28Z" },
    { url = "https://files.pythonhosted.org/packages/cb/69/36b989de675d98ba8ff7d45c96c30c699865c657046f2e32db14e78f13d9/mysql_connector_python-9.4.0-cp312-cp312-win_amd64.whl", hash = "sha256:57b0c224676946b70548c56798d5023f65afa1ba5b8ac9f04a143d27976c7029", size = 16392563, upload-time = "2025-07-22T07:58:29.623Z" },
    { url = "https://files.pythonhosted.org/packages/79/e2/13036479cd1070d1080cee747de6c96bd6fbb021b736dd3ccef2b19016c8/mysql_connector_python-9.4.0-cp313-cp313-macosx_14_0_arm64.whl", hash = "sha256:fde3bbffb5270a4b02077029914e6a9d2ec08f67d8375b4111432a2778e7540b", size = 17503749, upload-time = "2025-07-22T07:58:33.649Z" },
    { url = "https://files.pythonhosted.org/packages/31/df/b89e6551b91332716d384dcc3223e1f8065902209dcd9e477a3df80154f7/mysql_connector_python-9.4.0-cp313-cp313-macosx_14_0_x86_64.whl", hash = "sha256:25f77ad7d845df3b5a5a3a6a8d1fed68248dc418a6938a371d1ddaaab6b9a8e3", size = 18372145, upload-time = "2025-07-22T07:58:37.384Z" },
    { url = "https://files.pythonhosted.org/packages/07/bd/af0de40a01d5cb4df19318cc018e64666f2b7fa89bffa1ab5b35337aae2c/mysql_connector_python-9.4.0-cp313-cp313-manylinux_2_28_aarch64.whl", hash = "sha256:227dd420c71e6d4788d52d98f298e563f16b6853577e5ade4bd82d644257c812", size = 33516503, upload-time = "2025-07-22T07:58:41.987Z" },
    { url = "https://files.pythonhosted.org/packages/d1/9b/712053216fcbe695e519ecb1035ffd767c2de9f51ccba15078537c99d6fa/mysql_connector_python-9.4.0-cp313-cp313-manylinux_2_28_x86_64.whl", hash = "sha256:5163381a312d38122eded2197eb5cd7ccf1a5c5881d4e7a6de10d6ea314d088e", size = 33918904, upload-time = "2025-07-22T07:58:46.796Z" },
    { url = "https://files.pythonhosted.org/packages/64/15/cbd996d425c59811849f3c1d1b1dae089a1ae18c4acd4d8de2b847b772df/mysql_connector_python-9.4.0-cp313-cp313-win_amd64.whl", hash = "sha256:c727cb1f82b40c9aaa7a15ab5cf0a7f87c5d8dce32eab5ff2530a4aa6054e7df", size = 16392566, upload-time = "2025-07-22T07:58:50.223Z" },
    { url = "https://files.pythonhosted.org/packages/36/34/b6165e15fd45a8deb00932d8e7d823de7650270873b4044c4db6688e1d8f/mysql_connector_python-9.4.0-py2.py3-none-any.whl", hash = "sha256:56e679169c704dab279b176fab2a9ee32d2c632a866c0f7cd48a8a1e2cf802c4", size = 406574, upload-time = "2025-07-22T07:59:08.394Z" },
]
